
Microsoft Visual Studio Solution File, Format Version 12.00
# Visual Studio Version 17
VisualStudioVersion = 17.4.33205.214
MinimumVisualStudioVersion = 10.0.40219.1
Project("{FAE04EC0-301F-11D3-BF4B-00C04F79EFBC}") = "DemoDB2", "DemoDB2\DemoDB2.csproj", "{CF64F7B8-E871-42A1-980D-366F11D57857}"
EndProject
Global
	GlobalSection(SolutionConfigurationPlatforms) = preSolution
		Debug|Any CPU = Debug|Any CPU
		Release|Any CPU = Release|Any CPU
	EndGlobalSection
	GlobalSection(ProjectConfigurationPlatforms) = postSolution
		{CF64F7B8-E871-42A1-980D-366F11D57857}.Debug|Any CPU.ActiveCfg = Debug|Any CPU
		{CF64F7B8-E871-42A1-980D-366F11D57857}.Debug|Any CPU.Build.0 = Debug|Any CPU
		{CF64F7B8-E871-42A1-980D-366F11D57857}.Release|Any CPU.ActiveCfg = Release|Any CPU
		{CF64F7B8-E871-42A1-980D-366F11D57857}.Release|Any CPU.Build.0 = Release|Any CPU
	EndGlobalSection
	GlobalSection(SolutionProperties) = preSolution
		HideSolutionNode = FALSE
	EndGlobalSection
	GlobalSection(ExtensibilityGlobals) = postSolution
		SolutionGuid = {BEE5A33C-B80B-4BB3-A67E-8A4CE3D2A479}
	EndGlobalSection
EndGlobal
